
Microsoft Visual Studio Solution File, Format Version 12.00
# Visual Studio Version 16
VisualStudioVersion = 16.0.30907.101
MinimumVisualStudioVersion = 10.0.40219.1
Project("{FAE04EC0-301F-11D3-BF4B-00C04F79EFBC}") = "caractermayus", "caractermayus\caractermayus.csproj", "{1E383860-C58D-4B44-A502-60F89A60766D}"
EndProject
Global
	GlobalSection(SolutionConfigurationPlatforms) = preSolution
		Debug|Any CPU = Debug|Any CPU
		Release|Any CPU = Release|Any CPU
	EndGlobalSection
	GlobalSection(ProjectConfigurationPlatforms) = postSolution
		{1E383860-C58D-4B44-A502-60F89A60766D}.Debug|Any CPU.ActiveCfg = Debug|Any CPU
		{1E383860-C58D-4B44-A502-60F89A60766D}.Debug|Any CPU.Build.0 = Debug|Any CPU
		{1E383860-C58D-4B44-A502-60F89A60766D}.Release|Any CPU.ActiveCfg = Release|Any CPU
		{1E383860-C58D-4B44-A502-60F89A60766D}.Release|Any CPU.Build.0 = Release|Any CPU
	EndGlobalSection
	GlobalSection(SolutionProperties) = preSolution
		HideSolutionNode = FALSE
	EndGlobalSection
	GlobalSection(ExtensibilityGlobals) = postSolution
		SolutionGuid = {CEEFCF18-4FD4-499D-A06F-0842A21AEA8E}
	EndGlobalSection
EndGlobal
