
Microsoft Visual Studio Solution File, Format Version 12.00
# Visual Studio Version 16
VisualStudioVersion = 16.0.30907.101
MinimumVisualStudioVersion = 10.0.40219.1
Project("{FAE04EC0-301F-11D3-BF4B-00C04F79EFBC}") = "5dialboralconswich", "5dialboralconswich\5dialboralconswich.csproj", "{6E8C4BF3-9D87-4CD9-84F2-F3B6FD757C69}"
EndProject
Global
	GlobalSection(SolutionConfigurationPlatforms) = preSolution
		Debug|Any CPU = Debug|Any CPU
		Release|Any CPU = Release|Any CPU
	EndGlobalSection
	GlobalSection(ProjectConfigurationPlatforms) = postSolution
		{6E8C4BF3-9D87-4CD9-84F2-F3B6FD757C69}.Debug|Any CPU.ActiveCfg = Debug|Any CPU
		{6E8C4BF3-9D87-4CD9-84F2-F3B6FD757C69}.Debug|Any CPU.Build.0 = Debug|Any CPU
		{6E8C4BF3-9D87-4CD9-84F2-F3B6FD757C69}.Release|Any CPU.ActiveCfg = Release|Any CPU
		{6E8C4BF3-9D87-4CD9-84F2-F3B6FD757C69}.Release|Any CPU.Build.0 = Release|Any CPU
	EndGlobalSection
	GlobalSection(SolutionProperties) = preSolution
		HideSolutionNode = FALSE
	EndGlobalSection
	GlobalSection(ExtensibilityGlobals) = postSolution
		SolutionGuid = {00186081-1C76-46B7-BAA4-88A1B0FB91FA}
	EndGlobalSection
EndGlobal
