
Microsoft Visual Studio Solution File, Format Version 12.00
# Visual Studio Version 16
VisualStudioVersion = 16.0.30907.101
MinimumVisualStudioVersion = 10.0.40219.1
Project("{FAE04EC0-301F-11D3-BF4B-00C04F79EFBC}") = "4añobisiesto", "4añobisiesto\4añobisiesto.csproj", "{44770782-B474-482D-9CB7-0746B4E46964}"
EndProject
Global
	GlobalSection(SolutionConfigurationPlatforms) = preSolution
		Debug|Any CPU = Debug|Any CPU
		Release|Any CPU = Release|Any CPU
	EndGlobalSection
	GlobalSection(ProjectConfigurationPlatforms) = postSolution
		{44770782-B474-482D-9CB7-0746B4E46964}.Debug|Any CPU.ActiveCfg = Debug|Any CPU
		{44770782-B474-482D-9CB7-0746B4E46964}.Debug|Any CPU.Build.0 = Debug|Any CPU
		{44770782-B474-482D-9CB7-0746B4E46964}.Release|Any CPU.ActiveCfg = Release|Any CPU
		{44770782-B474-482D-9CB7-0746B4E46964}.Release|Any CPU.Build.0 = Release|Any CPU
	EndGlobalSection
	GlobalSection(SolutionProperties) = preSolution
		HideSolutionNode = FALSE
	EndGlobalSection
	GlobalSection(ExtensibilityGlobals) = postSolution
		SolutionGuid = {66D2AF3A-BD99-43E9-A245-3BE70138BF0C}
	EndGlobalSection
EndGlobal
