
Microsoft Visual Studio Solution File, Format Version 12.00
# Visual Studio Version 16
VisualStudioVersion = 16.0.30907.101
MinimumVisualStudioVersion = 10.0.40219.1
Project("{FAE04EC0-301F-11D3-BF4B-00C04F79EFBC}") = "2descuento", "2descuento\2descuento.csproj", "{D660D43C-3EEC-48FD-9156-09DDFEABA986}"
EndProject
Global
	GlobalSection(SolutionConfigurationPlatforms) = preSolution
		Debug|Any CPU = Debug|Any CPU
		Release|Any CPU = Release|Any CPU
	EndGlobalSection
	GlobalSection(ProjectConfigurationPlatforms) = postSolution
		{D660D43C-3EEC-48FD-9156-09DDFEABA986}.Debug|Any CPU.ActiveCfg = Debug|Any CPU
		{D660D43C-3EEC-48FD-9156-09DDFEABA986}.Debug|Any CPU.Build.0 = Debug|Any CPU
		{D660D43C-3EEC-48FD-9156-09DDFEABA986}.Release|Any CPU.ActiveCfg = Release|Any CPU
		{D660D43C-3EEC-48FD-9156-09DDFEABA986}.Release|Any CPU.Build.0 = Release|Any CPU
	EndGlobalSection
	GlobalSection(SolutionProperties) = preSolution
		HideSolutionNode = FALSE
	EndGlobalSection
	GlobalSection(ExtensibilityGlobals) = postSolution
		SolutionGuid = {599CEBC5-5C0C-4713-B3A6-CE6432B93126}
	EndGlobalSection
EndGlobal
